// !$*UTF8*$!
{
	archiveVersion = 1;
	classes = {
	};
	objectVersion = 50;
	objects = {

/* Begin PBXBuildFile section */
		AC21B0E621AFD96A00D413F0 /* AppDelegate.swift in Sources */ = {isa = PBXBuildFile; fileRef = AC21B0E521AFD96A00D413F0 /* AppDelegate.swift */; };
		AC21B0E821AFD96A00D413F0 /* ViewController.swift in Sources */ = {isa = PBXBuildFile; fileRef = AC21B0E721AFD96A00D413F0 /* ViewController.swift */; };
		AC21B0EB21AFD96A00D413F0 /* Main.storyboard in Resources */ = {isa = PBXBuildFile; fileRef = AC21B0E921AFD96A00D413F0 /* Main.storyboard */; };
		AC21B0ED21AFD96B00D413F0 /* Assets.xcassets in Resources */ = {isa = PBXBuildFile; fileRef = AC21B0EC21AFD96B00D413F0 /* Assets.xcassets */; };
		AC21B0F021AFD96B00D413F0 /* LaunchScreen.storyboard in Resources */ = {isa = PBXBuildFile; fileRef = AC21B0EE21AFD96B00D413F0 /* LaunchScreen.storyboard */; };
		AC21B10621AFDA9B00D413F0 /* HZTBaseViewController.swift in Sources */ = {isa = PBXBuildFile; fileRef = AC21B10521AFDA9B00D413F0 /* HZTBaseViewController.swift */; };
		AC21B10821AFDAB600D413F0 /* HZTBaseNavigationController.swift in Sources */ = {isa = PBXBuildFile; fileRef = AC21B10721AFDAB600D413F0 /* HZTBaseNavigationController.swift */; };
		AC21B10A21AFDAD700D413F0 /* HZTBaseModel.swift in Sources */ = {isa = PBXBuildFile; fileRef = AC21B10921AFDAD700D413F0 /* HZTBaseModel.swift */; };
		ACA0865621AFE99700AFAD1B /* HZTLoginViewController.swift in Sources */ = {isa = PBXBuildFile; fileRef = ACA0865521AFE99700AFAD1B /* HZTLoginViewController.swift */; };
		ACA0865821AFEC4B00AFAD1B /* Login.xcassets in Resources */ = {isa = PBXBuildFile; fileRef = ACA0865721AFEC4B00AFAD1B /* Login.xcassets */; };
/* End PBXBuildFile section */

/* Begin PBXFileReference section */
		AC21B0E221AFD96A00D413F0 /* 幼儿评价系统Swift版.app */ = {isa = PBXFileReference; explicitFileType = wrapper.application; includeInIndex = 0; path = "幼儿评价系统Swift版.app"; sourceTree = BUILT_PRODUCTS_DIR; };
		AC21B0E521AFD96A00D413F0 /* AppDelegate.swift */ = {isa = PBXFileReference; lastKnownFileType = sourcecode.swift; path = AppDelegate.swift; sourceTree = "<group>"; };
		AC21B0E721AFD96A00D413F0 /* ViewController.swift */ = {isa = PBXFileReference; lastKnownFileType = sourcecode.swift; path = ViewController.swift; sourceTree = "<group>"; };
		AC21B0EA21AFD96A00D413F0 /* Base */ = {isa = PBXFileReference; lastKnownFileType = file.storyboard; name = Base; path = Base.lproj/Main.storyboard; sourceTree = "<group>"; };
		AC21B0EC21AFD96B00D413F0 /* Assets.xcassets */ = {isa = PBXFileReference; lastKnownFileType = folder.assetcatalog; path = Assets.xcassets; sourceTree = "<group>"; };
		AC21B0EF21AFD96B00D413F0 /* Base */ = {isa = PBXFileReference; lastKnownFileType = file.storyboard; name = Base; path = Base.lproj/LaunchScreen.storyboard; sourceTree = "<group>"; };
		AC21B0F121AFD96B00D413F0 /* Info.plist */ = {isa = PBXFileReference; lastKnownFileType = text.plist.xml; path = Info.plist; sourceTree = "<group>"; };
		AC21B10521AFDA9B00D413F0 /* HZTBaseViewController.swift */ = {isa = PBXFileReference; lastKnownFileType = sourcecode.swift; path = HZTBaseViewController.swift; sourceTree = "<group>"; };
		AC21B10721AFDAB600D413F0 /* HZTBaseNavigationController.swift */ = {isa = PBXFileReference; lastKnownFileType = sourcecode.swift; path = HZTBaseNavigationController.swift; sourceTree = "<group>"; };
		AC21B10921AFDAD700D413F0 /* HZTBaseModel.swift */ = {isa = PBXFileReference; lastKnownFileType = sourcecode.swift; path = HZTBaseModel.swift; sourceTree = "<group>"; };
		ACA0865521AFE99700AFAD1B /* HZTLoginViewController.swift */ = {isa = PBXFileReference; lastKnownFileType = sourcecode.swift; path = HZTLoginViewController.swift; sourceTree = "<group>"; };
		ACA0865721AFEC4B00AFAD1B /* Login.xcassets */ = {isa = PBXFileReference; lastKnownFileType = folder.assetcatalog; path = Login.xcassets; sourceTree = "<group>"; };
/* End PBXFileReference section */

/* Begin PBXFrameworksBuildPhase section */
		AC21B0DF21AFD96A00D413F0 /* Frameworks */ = {
			isa = PBXFrameworksBuildPhase;
			buildActionMask = 2147483647;
			files = (
			);
			runOnlyForDeploymentPostprocessing = 0;
		};
/* End PBXFrameworksBuildPhase section */

/* Begin PBXGroup section */
		AC21B0D921AFD96A00D413F0 = {
			isa = PBXGroup;
			children = (
				AC21B0E421AFD96A00D413F0 /* 幼儿评价系统Swift版 */,
				AC21B0E321AFD96A00D413F0 /* Products */,
			);
			sourceTree = "<group>";
		};
		AC21B0E321AFD96A00D413F0 /* Products */ = {
			isa = PBXGroup;
			children = (
				AC21B0E221AFD96A00D413F0 /* 幼儿评价系统Swift版.app */,
			);
			name = Products;
			sourceTree = "<group>";
		};
		AC21B0E421AFD96A00D413F0 /* 幼儿评价系统Swift版 */ = {
			isa = PBXGroup;
			children = (
				AC21B0E521AFD96A00D413F0 /* AppDelegate.swift */,
				AC21B0E721AFD96A00D413F0 /* ViewController.swift */,
				AC21B0E921AFD96A00D413F0 /* Main.storyboard */,
				AC21B0EC21AFD96B00D413F0 /* Assets.xcassets */,
				ACA0865721AFEC4B00AFAD1B /* Login.xcassets */,
				AC21B0EE21AFD96B00D413F0 /* LaunchScreen.storyboard */,
				AC21B0F121AFD96B00D413F0 /* Info.plist */,
				AC21B10B21AFDB1000D413F0 /* Macros */,
				AC21B10321AFDA7700D413F0 /* AFNetManaer */,
				AC21B10421AFDA7700D413F0 /* Base */,
				AC21B0F721AFDA3000D413F0 /* Home */,
				AC21B0FB21AFDA3000D413F0 /* Login */,
				AC21B0FF21AFDA3000D413F0 /* Other */,
			);
			path = "幼儿评价系统Swift版";
			sourceTree = "<group>";
		};
		AC21B0F721AFDA3000D413F0 /* Home */ = {
			isa = PBXGroup;
			children = (
				AC21B0F821AFDA3000D413F0 /* Models */,
				AC21B0F921AFDA3000D413F0 /* Controllers */,
				AC21B0FA21AFDA3000D413F0 /* Views */,
			);
			path = Home;
			sourceTree = "<group>";
		};
		AC21B0F821AFDA3000D413F0 /* Models */ = {
			isa = PBXGroup;
			children = (
			);
			path = Models;
			sourceTree = "<group>";
		};
		AC21B0F921AFDA3000D413F0 /* Controllers */ = {
			isa = PBXGroup;
			children = (
			);
			path = Controllers;
			sourceTree = "<group>";
		};
		AC21B0FA21AFDA3000D413F0 /* Views */ = {
			isa = PBXGroup;
			children = (
			);
			path = Views;
			sourceTree = "<group>";
		};
		AC21B0FB21AFDA3000D413F0 /* Login */ = {
			isa = PBXGroup;
			children = (
				AC21B0FC21AFDA3000D413F0 /* Models */,
				AC21B0FD21AFDA3000D413F0 /* Controllers */,
				AC21B0FE21AFDA3000D413F0 /* Views */,
			);
			path = Login;
			sourceTree = "<group>";
		};
		AC21B0FC21AFDA3000D413F0 /* Models */ = {
			isa = PBXGroup;
			children = (
			);
			path = Models;
			sourceTree = "<group>";
		};
		AC21B0FD21AFDA3000D413F0 /* Controllers */ = {
			isa = PBXGroup;
			children = (
				ACA0865521AFE99700AFAD1B /* HZTLoginViewController.swift */,
			);
			path = Controllers;
			sourceTree = "<group>";
		};
		AC21B0FE21AFDA3000D413F0 /* Views */ = {
			isa = PBXGroup;
			children = (
			);
			path = Views;
			sourceTree = "<group>";
		};
		AC21B0FF21AFDA3000D413F0 /* Other */ = {
			isa = PBXGroup;
			children = (
				AC21B10021AFDA3000D413F0 /* Models */,
				AC21B10121AFDA3000D413F0 /* Controllers */,
				AC21B10221AFDA3000D413F0 /* Views */,
			);
			path = Other;
			sourceTree = "<group>";
		};
		AC21B10021AFDA3000D413F0 /* Models */ = {
			isa = PBXGroup;
			children = (
			);
			path = Models;
			sourceTree = "<group>";
		};
		AC21B10121AFDA3000D413F0 /* Controllers */ = {
			isa = PBXGroup;
			children = (
			);
			path = Controllers;
			sourceTree = "<group>";
		};
		AC21B10221AFDA3000D413F0 /* Views */ = {
			isa = PBXGroup;
			children = (
			);
			path = Views;
			sourceTree = "<group>";
		};
		AC21B10321AFDA7700D413F0 /* AFNetManaer */ = {
			isa = PBXGroup;
			children = (
			);
			path = AFNetManaer;
			sourceTree = "<group>";
		};
		AC21B10421AFDA7700D413F0 /* Base */ = {
			isa = PBXGroup;
			children = (
				AC21B10521AFDA9B00D413F0 /* HZTBaseViewController.swift */,
				AC21B10721AFDAB600D413F0 /* HZTBaseNavigationController.swift */,
				AC21B10921AFDAD700D413F0 /* HZTBaseModel.swift */,
			);
			path = Base;
			sourceTree = "<group>";
		};
		AC21B10B21AFDB1000D413F0 /* Macros */ = {
			isa = PBXGroup;
			children = (
			);
			path = Macros;
			sourceTree = "<group>";
		};
/* End PBXGroup section */

/* Begin PBXNativeTarget section */
		AC21B0E121AFD96A00D413F0 /* 幼儿评价系统Swift版 */ = {
			isa = PBXNativeTarget;
			buildConfigurationList = AC21B0F421AFD96B00D413F0 /* Build configuration list for PBXNativeTarget "幼儿评价系统Swift版" */;
			buildPhases = (
				AC21B0DE21AFD96A00D413F0 /* Sources */,
				AC21B0DF21AFD96A00D413F0 /* Frameworks */,
				AC21B0E021AFD96A00D413F0 /* Resources */,
			);
			buildRules = (
			);
			dependencies = (
			);
			name = "幼儿评价系统Swift版";
			productName = "幼儿评价系统Swift版";
			productReference = AC21B0E221AFD96A00D413F0 /* 幼儿评价系统Swift版.app */;
			productType = "com.apple.product-type.application";
		};
/* End PBXNativeTarget section */

/* Begin PBXProject section */
		AC21B0DA21AFD96A00D413F0 /* Project object */ = {
			isa = PBXProject;
			attributes = {
				CLASSPREFIX = HZT;
				LastSwiftUpdateCheck = 1000;
				LastUpgradeCheck = 1000;
				ORGANIZATIONNAME = wxw;
				TargetAttributes = {
					AC21B0E121AFD96A00D413F0 = {
						CreatedOnToolsVersion = 10.0;
					};
				};
			};
			buildConfigurationList = AC21B0DD21AFD96A00D413F0 /* Build configuration list for PBXProject "幼儿评价系统Swift版" */;
			compatibilityVersion = "Xcode 9.3";
			developmentRegion = en;
			hasScannedForEncodings = 0;
			knownRegions = (
				en,
				Base,
			);
			mainGroup = AC21B0D921AFD96A00D413F0;
			productRefGroup = AC21B0E321AFD96A00D413F0 /* Products */;
			projectDirPath = "";
			projectRoot = "";
			targets = (
				AC21B0E121AFD96A00D413F0 /* 幼儿评价系统Swift版 */,
			);
		};
/* End PBXProject section */

/* Begin PBXResourcesBuildPhase section */
		AC21B0E021AFD96A00D413F0 /* Resources */ = {
			isa = PBXResourcesBuildPhase;
			buildActionMask = 2147483647;
			files = (
				AC21B0F021AFD96B00D413F0 /* LaunchScreen.storyboard in Resources */,
				AC21B0ED21AFD96B00D413F0 /* Assets.xcassets in Resources */,
				AC21B0EB21AFD96A00D413F0 /* Main.storyboard in Resources */,
				ACA0865821AFEC4B00AFAD1B /* Login.xcassets in Resources */,
			);
			runOnlyForDeploymentPostprocessing = 0;
		};
/* End PBXResourcesBuildPhase section */

/* Begin PBXSourcesBuildPhase section */
		AC21B0DE21AFD96A00D413F0 /* Sources */ = {
			isa = PBXSourcesBuildPhase;
			buildActionMask = 2147483647;
			files = (
				AC21B0E821AFD96A00D413F0 /* ViewController.swift in Sources */,
				AC21B10621AFDA9B00D413F0 /* HZTBaseViewController.swift in Sources */,
				AC21B0E621AFD96A00D413F0 /* AppDelegate.swift in Sources */,
				AC21B10821AFDAB600D413F0 /* HZTBaseNavigationController.swift in Sources */,
				AC21B10A21AFDAD700D413F0 /* HZTBaseModel.swift in Sources */,
				ACA0865621AFE99700AFAD1B /* HZTLoginViewController.swift in Sources */,
			);
			runOnlyForDeploymentPostprocessing = 0;
		};
/* End PBXSourcesBuildPhase section */

/* Begin PBXVariantGroup section */
		AC21B0E921AFD96A00D413F0 /* Main.storyboard */ = {
			isa = PBXVariantGroup;
			children = (
				AC21B0EA21AFD96A00D413F0 /* Base */,
			);
			name = Main.storyboard;
			sourceTree = "<group>";
		};
		AC21B0EE21AFD96B00D413F0 /* LaunchScreen.storyboard */ = {
			isa = PBXVariantGroup;
			children = (
				AC21B0EF21AFD96B00D413F0 /* Base */,
			);
			name = LaunchScreen.storyboard;
			sourceTree = "<group>";
		};
/* End PBXVariantGroup section */

/* Begin XCBuildConfiguration section */
		AC21B0F221AFD96B00D413F0 /* Debug */ = {
			isa = XCBuildConfiguration;
			buildSettings = {
				ALWAYS_SEARCH_USER_PATHS = NO;
				CLANG_ANALYZER_NONNULL = YES;
				CLANG_ANALYZER_NUMBER_OBJECT_CONVERSION = YES_AGGRESSIVE;
				CLANG_CXX_LANGUAGE_STANDARD = "gnu++14";
				CLANG_CXX_LIBRARY = "libc++";
				CLANG_ENABLE_MODULES = YES;
				CLANG_ENABLE_OBJC_ARC = YES;
				CLANG_ENABLE_OBJC_WEAK = YES;
				CLANG_WARN_BLOCK_CAPTURE_AUTORELEASING = YES;
				CLANG_WARN_BOOL_CONVERSION = YES;
				CLANG_WARN_COMMA = YES;
				CLANG_WARN_CONSTANT_CONVERSION = YES;
				CLANG_WARN_DEPRECATED_OBJC_IMPLEMENTATIONS = YES;
				CLANG_WARN_DIRECT_OBJC_ISA_USAGE = YES_ERROR;
				CLANG_WARN_DOCUMENTATION_COMMENTS = YES;
				CLANG_WARN_EMPTY_BODY = YES;
				CLANG_WARN_ENUM_CONVERSION = YES;
				CLANG_WARN_INFINITE_RECURSION = YES;
				CLANG_WARN_INT_CONVERSION = YES;
				CLANG_WARN_NON_LITERAL_NULL_CONVERSION = YES;
				CLANG_WARN_OBJC_IMPLICIT_RETAIN_SELF = YES;
				CLANG_WARN_OBJC_LITERAL_CONVERSION = YES;
				CLANG_WARN_OBJC_ROOT_CLASS = YES_ERROR;
				CLANG_WARN_RANGE_LOOP_ANALYSIS = YES;
				CLANG_WARN_STRICT_PROTOTYPES = YES;
				CLANG_WARN_SUSPICIOUS_MOVE = YES;
				CLANG_WARN_UNGUARDED_AVAILABILITY = YES_AGGRESSIVE;
				CLANG_WARN_UNREACHABLE_CODE = YES;
				CLANG_WARN__DUPLICATE_METHOD_MATCH = YES;
				CODE_SIGN_IDENTITY = "iPhone Developer";
				COPY_PHASE_STRIP = NO;
				DEBUG_INFORMATION_FORMAT = dwarf;
				ENABLE_STRICT_OBJC_MSGSEND = YES;
				ENABLE_TESTABILITY = YES;
				GCC_C_LANGUAGE_STANDARD = gnu11;
				GCC_DYNAMIC_NO_PIC = NO;
				GCC_NO_COMMON_BLOCKS = YES;
				GCC_OPTIMIZATION_LEVEL = 0;
				GCC_PREPROCESSOR_DEFINITIONS = (
					"DEBUG=1",
					"$(inherited)",
				);
				GCC_WARN_64_TO_32_BIT_CONVERSION = YES;
				GCC_WARN_ABOUT_RETURN_TYPE = YES_ERROR;
				GCC_WARN_UNDECLARED_SELECTOR = YES;
				GCC_WARN_UNINITIALIZED_AUTOS = YES_AGGRESSIVE;
				GCC_WARN_UNUSED_FUNCTION = YES;
				GCC_WARN_UNUSED_VARIABLE = YES;
				IPHONEOS_DEPLOYMENT_TARGET = 12.0;
				MTL_ENABLE_DEBUG_INFO = INCLUDE_SOURCE;
				MTL_FAST_MATH = YES;
				ONLY_ACTIVE_ARCH = YES;
				SDKROOT = iphoneos;
				SWIFT_ACTIVE_COMPILATION_CONDITIONS = DEBUG;
				SWIFT_OPTIMIZATION_LEVEL = "-Onone";
			};
			name = Debug;
		};
		AC21B0F321AFD96B00D413F0 /* Release */ = {
			isa = XCBuildConfiguration;
			buildSettings = {
				ALWAYS_SEARCH_USER_PATHS = NO;
				CLANG_ANALYZER_NONNULL = YES;
				CLANG_ANALYZER_NUMBER_OBJECT_CONVERSION = YES_AGGRESSIVE;
				CLANG_CXX_LANGUAGE_STANDARD = "gnu++14";
				CLANG_CXX_LIBRARY = "libc++";
				CLANG_ENABLE_MODULES = YES;
				CLANG_ENABLE_OBJC_ARC = YES;
				CLANG_ENABLE_OBJC_WEAK = YES;
				CLANG_WARN_BLOCK_CAPTURE_AUTORELEASING = YES;
				CLANG_WARN_BOOL_CONVERSION = YES;
				CLANG_WARN_COMMA = YES;
				CLANG_WARN_CONSTANT_CONVERSION = YES;
				CLANG_WARN_DEPRECATED_OBJC_IMPLEMENTATIONS = YES;
				CLANG_WARN_DIRECT_OBJC_ISA_USAGE = YES_ERROR;
				CLANG_WARN_DOCUMENTATION_COMMENTS = YES;
				CLANG_WARN_EMPTY_BODY = YES;
				CLANG_WARN_ENUM_CONVERSION = YES;
				CLANG_WARN_INFINITE_RECURSION = YES;
				CLANG_WARN_INT_CONVERSION = YES;
				CLANG_WARN_NON_LITERAL_NULL_CONVERSION = YES;
				CLANG_WARN_OBJC_IMPLICIT_RETAIN_SELF = YES;
				CLANG_WARN_OBJC_LITERAL_CONVERSION = YES;
				CLANG_WARN_OBJC_ROOT_CLASS = YES_ERROR;
				CLANG_WARN_RANGE_LOOP_ANALYSIS = YES;
				CLANG_WARN_STRICT_PROTOTYPES = YES;
				CLANG_WARN_SUSPICIOUS_MOVE = YES;
				CLANG_WARN_UNGUARDED_AVAILABILITY = YES_AGGRESSIVE;
				CLANG_WARN_UNREACHABLE_CODE = YES;
				CLANG_WARN__DUPLICATE_METHOD_MATCH = YES;
				CODE_SIGN_IDENTITY = "iPhone Developer";
				COPY_PHASE_STRIP = NO;
				DEBUG_INFORMATION_FORMAT = "dwarf-with-dsym";
				ENABLE_NS_ASSERTIONS = NO;
				ENABLE_STRICT_OBJC_MSGSEND = YES;
				GCC_C_LANGUAGE_STANDARD = gnu11;
				GCC_NO_COMMON_BLOCKS = YES;
				GCC_WARN_64_TO_32_BIT_CONVERSION = YES;
				GCC_WARN_ABOUT_RETURN_TYPE = YES_ERROR;
				GCC_WARN_UNDECLARED_SELECTOR = YES;
				GCC_WARN_UNINITIALIZED_AUTOS = YES_AGGRESSIVE;
				GCC_WARN_UNUSED_FUNCTION = YES;
				GCC_WARN_UNUSED_VARIABLE = YES;
				IPHONEOS_DEPLOYMENT_TARGET = 12.0;
				MTL_ENABLE_DEBUG_INFO = NO;
				MTL_FAST_MATH = YES;
				SDKROOT = iphoneos;
				SWIFT_COMPILATION_MODE = wholemodule;
				SWIFT_OPTIMIZATION_LEVEL = "-O";
				VALIDATE_PRODUCT = YES;
			};
			name = Release;
		};
		AC21B0F521AFD96B00D413F0 /* Debug */ = {
			isa = XCBuildConfiguration;
			buildSettings = {
				ASSETCATALOG_COMPILER_APPICON_NAME = AppIcon;
				CODE_SIGN_STYLE = Automatic;
				INFOPLIST_FILE = "幼儿评价系统Swift版/Info.plist";
				LD_RUNPATH_SEARCH_PATHS = (
					"$(inherited)",
					"@executable_path/Frameworks",
				);
				PRODUCT_BUNDLE_IDENTIFIER = haizitong.Swift;
				PRODUCT_NAME = "$(TARGET_NAME)";
				SWIFT_VERSION = 4.2;
				TARGETED_DEVICE_FAMILY = 2;
			};
			name = Debug;
		};
		AC21B0F621AFD96B00D413F0 /* Release */ = {
			isa = XCBuildConfiguration;
			buildSettings = {
				ASSETCATALOG_COMPILER_APPICON_NAME = AppIcon;
				CODE_SIGN_STYLE = Automatic;
				INFOPLIST_FILE = "幼儿评价系统Swift版/Info.plist";
				LD_RUNPATH_SEARCH_PATHS = (
					"$(inherited)",
					"@executable_path/Frameworks",
				);
				PRODUCT_BUNDLE_IDENTIFIER = haizitong.Swift;
				PRODUCT_NAME = "$(TARGET_NAME)";
				SWIFT_VERSION = 4.2;
				TARGETED_DEVICE_FAMILY = 2;
			};
			name = Release;
		};
/* End XCBuildConfiguration section */

/* Begin XCConfigurationList section */
		AC21B0DD21AFD96A00D413F0 /* Build configuration list for PBXProject "幼儿评价系统Swift版" */ = {
			isa = XCConfigurationList;
			buildConfigurations = (
				AC21B0F221AFD96B00D413F0 /* Debug */,
				AC21B0F321AFD96B00D413F0 /* Release */,
			);
			defaultConfigurationIsVisible = 0;
			defaultConfigurationName = Release;
		};
		AC21B0F421AFD96B00D413F0 /* Build configuration list for PBXNativeTarget "幼儿评价系统Swift版" */ = {
			isa = XCConfigurationList;
			buildConfigurations = (
				AC21B0F521AFD96B00D413F0 /* Debug */,
				AC21B0F621AFD96B00D413F0 /* Release */,
			);
			defaultConfigurationIsVisible = 0;
			defaultConfigurationName = Release;
		};
/* End XCConfigurationList section */
	};
	rootObject = AC21B0DA21AFD96A00D413F0 /* Project object */;
}
